
Microsoft Visual Studio Solution File, Format Version 12.00
# Visual Studio 15
VisualStudioVersion = 15.0.27004.2002
MinimumVisualStudioVersion = 10.0.40219.1
Project("{FAE04EC0-301F-11D3-BF4B-00C04F79EFBC}") = "SimpleBankApp", "SimpleBankApp\SimpleBankApp.csproj", "{D98584B1-240A-4F2C-9D6C-DCEDF8DBC895}"
EndProject
Project("{FAE04EC0-301F-11D3-BF4B-00C04F79EFBC}") = "MockRepository", "MockRepository\MockRepository.csproj", "{DAC18AFF-2492-42EF-8420-0F7EAA2C21FA}"
EndProject
Global
	GlobalSection(SolutionConfigurationPlatforms) = preSolution
		Debug|Any CPU = Debug|Any CPU
		Release|Any CPU = Release|Any CPU
	EndGlobalSection
	GlobalSection(ProjectConfigurationPlatforms) = postSolution
		{D98584B1-240A-4F2C-9D6C-DCEDF8DBC895}.Debug|Any CPU.ActiveCfg = Debug|Any CPU
		{D98584B1-240A-4F2C-9D6C-DCEDF8DBC895}.Debug|Any CPU.Build.0 = Debug|Any CPU
		{D98584B1-240A-4F2C-9D6C-DCEDF8DBC895}.Release|Any CPU.ActiveCfg = Release|Any CPU
		{D98584B1-240A-4F2C-9D6C-DCEDF8DBC895}.Release|Any CPU.Build.0 = Release|Any CPU
		{DAC18AFF-2492-42EF-8420-0F7EAA2C21FA}.Debug|Any CPU.ActiveCfg = Debug|Any CPU
		{DAC18AFF-2492-42EF-8420-0F7EAA2C21FA}.Debug|Any CPU.Build.0 = Debug|Any CPU
		{DAC18AFF-2492-42EF-8420-0F7EAA2C21FA}.Release|Any CPU.ActiveCfg = Release|Any CPU
		{DAC18AFF-2492-42EF-8420-0F7EAA2C21FA}.Release|Any CPU.Build.0 = Release|Any CPU
	EndGlobalSection
	GlobalSection(SolutionProperties) = preSolution
		HideSolutionNode = FALSE
	EndGlobalSection
	GlobalSection(ExtensibilityGlobals) = postSolution
		SolutionGuid = {40446B58-276F-487D-9E66-736B897E6D9E}
	EndGlobalSection
EndGlobal
